
Microsoft Visual Studio Solution File, Format Version 12.00
# Visual Studio Version 17
VisualStudioVersion = 17.12.35527.113 d17.12
MinimumVisualStudioVersion = 10.0.40219.1
Project("{FAE04EC0-301F-11D3-BF4B-00C04F79EFBC}") = "ABKids-BackEnd", "ABKids-BackEnd\ABKids-BackEnd.csproj", "{DD746C94-8839-4123-8B63-E1D11DA2233A}"
EndProject
Global
	GlobalSection(SolutionConfigurationPlatforms) = preSolution
		Debug|Any CPU = Debug|Any CPU
		Release|Any CPU = Release|Any CPU
	EndGlobalSection
	GlobalSection(ProjectConfigurationPlatforms) = postSolution
		{DD746C94-8839-4123-8B63-E1D11DA2233A}.Debug|Any CPU.ActiveCfg = Debug|Any CPU
		{DD746C94-8839-4123-8B63-E1D11DA2233A}.Debug|Any CPU.Build.0 = Debug|Any CPU
		{DD746C94-8839-4123-8B63-E1D11DA2233A}.Release|Any CPU.ActiveCfg = Release|Any CPU
		{DD746C94-8839-4123-8B63-E1D11DA2233A}.Release|Any CPU.Build.0 = Release|Any CPU
	EndGlobalSection
	GlobalSection(SolutionProperties) = preSolution
		HideSolutionNode = FALSE
	EndGlobalSection
EndGlobal
